Microsoft Visual Studio Solution File, Format Version 12.00
# Visual Studio Version 17
VisualStudioVersion = 17.5.2.0
MinimumVisualStudioVersion = 10.0.40219.1
Project("{FAE04EC0-301F-11D3-BF4B-00C04F79EFBC}") = "Quest8", "Quest8.csproj", "{EB830196-1284-2523-A336-23F094F7BC5A}"
EndProject
Global
	GlobalSection(SolutionConfigurationPlatforms) = preSolution
		Debug|Any CPU = Debug|Any CPU
		Release|Any CPU = Release|Any CPU
	EndGlobalSection
	GlobalSection(ProjectConfigurationPlatforms) = postSolution
		{EB830196-1284-2523-A336-23F094F7BC5A}.Debug|Any CPU.ActiveCfg = Debug|Any CPU
		{EB830196-1284-2523-A336-23F094F7BC5A}.Debug|Any CPU.Build.0 = Debug|Any CPU
		{EB830196-1284-2523-A336-23F094F7BC5A}.Release|Any CPU.ActiveCfg = Release|Any CPU
		{EB830196-1284-2523-A336-23F094F7BC5A}.Release|Any CPU.Build.0 = Release|Any CPU
	EndGlobalSection
	GlobalSection(SolutionProperties) = preSolution
		HideSolutionNode = FALSE
	EndGlobalSection
	GlobalSection(ExtensibilityGlobals) = postSolution
		SolutionGuid = {F4F91CDE-1EEE-46BE-BB9A-0D17DA4EC072}
	EndGlobalSection
EndGlobal
