Microsoft Visual Studio Solution File, Format Version 12.00
# Visual Studio Version 17
VisualStudioVersion = 17.5.2.0
MinimumVisualStudioVersion = 10.0.40219.1
Project("{FAE04EC0-301F-11D3-BF4B-00C04F79EFBC}") = "Quest6", "Quest6.csproj", "{A19A074B-F0FD-31F4-01D7-4FAB8B55D7DE}"
EndProject
Global
	GlobalSection(SolutionConfigurationPlatforms) = preSolution
		Debug|Any CPU = Debug|Any CPU
		Release|Any CPU = Release|Any CPU
	EndGlobalSection
	GlobalSection(ProjectConfigurationPlatforms) = postSolution
		{A19A074B-F0FD-31F4-01D7-4FAB8B55D7DE}.Debug|Any CPU.ActiveCfg = Debug|Any CPU
		{A19A074B-F0FD-31F4-01D7-4FAB8B55D7DE}.Debug|Any CPU.Build.0 = Debug|Any CPU
		{A19A074B-F0FD-31F4-01D7-4FAB8B55D7DE}.Release|Any CPU.ActiveCfg = Release|Any CPU
		{A19A074B-F0FD-31F4-01D7-4FAB8B55D7DE}.Release|Any CPU.Build.0 = Release|Any CPU
	EndGlobalSection
	GlobalSection(SolutionProperties) = preSolution
		HideSolutionNode = FALSE
	EndGlobalSection
	GlobalSection(ExtensibilityGlobals) = postSolution
		SolutionGuid = {8AFCCF50-FDE9-4933-AC47-851F9B9300EE}
	EndGlobalSection
EndGlobal
